
Microsoft Visual Studio Solution File, Format Version 12.00
# Visual Studio Version 16
VisualStudioVersion = 16.0.30011.22
MinimumVisualStudioVersion = 10.0.40219.1
Project("{9A19103F-16F7-4668-BE54-9A1E7A4F7556}") = "CovidTrackUS_Web", "CovidTrackUS_Web.csproj", "{05C5B6A0-3604-44B1-8EA2-63548F63A783}"
EndProject
Project("{9A19103F-16F7-4668-BE54-9A1E7A4F7556}") = "CovidTrackUS_Core", "CovidTrackUS_Core\CovidTrackUS_Core.csproj", "{4BF90731-9D68-4A7A-90FD-DFEE5A804707}"
EndProject
Project("{FAE04EC0-301F-11D3-BF4B-00C04F79EFBC}") = "CovidTrackUS_Jobs", "CovidTrackUS_Jobs\CovidTrackUS_Jobs.csproj", "{477E5AC4-75B5-421A-A930-4E8067E1C82F}"
EndProject
Global
	GlobalSection(SolutionConfigurationPlatforms) = preSolution
		Debug|Any CPU = Debug|Any CPU
		Release|Any CPU = Release|Any CPU
	EndGlobalSection
	GlobalSection(ProjectConfigurationPlatforms) = postSolution
		{05C5B6A0-3604-44B1-8EA2-63548F63A783}.Debug|Any CPU.ActiveCfg = Debug|Any CPU
		{05C5B6A0-3604-44B1-8EA2-63548F63A783}.Debug|Any CPU.Build.0 = Debug|Any CPU
		{05C5B6A0-3604-44B1-8EA2-63548F63A783}.Release|Any CPU.ActiveCfg = Release|Any CPU
		{05C5B6A0-3604-44B1-8EA2-63548F63A783}.Release|Any CPU.Build.0 = Release|Any CPU
		{4BF90731-9D68-4A7A-90FD-DFEE5A804707}.Debug|Any CPU.ActiveCfg = Debug|Any CPU
		{4BF90731-9D68-4A7A-90FD-DFEE5A804707}.Debug|Any CPU.Build.0 = Debug|Any CPU
		{4BF90731-9D68-4A7A-90FD-DFEE5A804707}.Release|Any CPU.ActiveCfg = Release|Any CPU
		{4BF90731-9D68-4A7A-90FD-DFEE5A804707}.Release|Any CPU.Build.0 = Release|Any CPU
		{477E5AC4-75B5-421A-A930-4E8067E1C82F}.Debug|Any CPU.ActiveCfg = Debug|Any CPU
		{477E5AC4-75B5-421A-A930-4E8067E1C82F}.Debug|Any CPU.Build.0 = Debug|Any CPU
		{477E5AC4-75B5-421A-A930-4E8067E1C82F}.Release|Any CPU.ActiveCfg = Release|Any CPU
		{477E5AC4-75B5-421A-A930-4E8067E1C82F}.Release|Any CPU.Build.0 = Release|Any CPU
	EndGlobalSection
	GlobalSection(SolutionProperties) = preSolution
		HideSolutionNode = FALSE
	EndGlobalSection
	GlobalSection(ExtensibilityGlobals) = postSolution
		SolutionGuid = {3FAEFFA0-DC0E-4DFF-9615-95925DFB14EE}
	EndGlobalSection
EndGlobal
